
Microsoft Visual Studio Solution File, Format Version 12.00
# Visual Studio Version 17
VisualStudioVersion = 17.7.34221.43
MinimumVisualStudioVersion = 10.0.40219.1
Project("{FAE04EC0-301F-11D3-BF4B-00C04F79EFBC}") = "SQLSchool", "SQLSchool\SQLSchool.csproj", "{328ED2CB-24FF-4479-B473-76DB6A8FFF56}"
EndProject
Global
	GlobalSection(SolutionConfigurationPlatforms) = preSolution
		Debug|Any CPU = Debug|Any CPU
		Release|Any CPU = Release|Any CPU
	EndGlobalSection
	GlobalSection(ProjectConfigurationPlatforms) = postSolution
		{328ED2CB-24FF-4479-B473-76DB6A8FFF56}.Debug|Any CPU.ActiveCfg = Debug|Any CPU
		{328ED2CB-24FF-4479-B473-76DB6A8FFF56}.Debug|Any CPU.Build.0 = Debug|Any CPU
		{328ED2CB-24FF-4479-B473-76DB6A8FFF56}.Release|Any CPU.ActiveCfg = Release|Any CPU
		{328ED2CB-24FF-4479-B473-76DB6A8FFF56}.Release|Any CPU.Build.0 = Release|Any CPU
	EndGlobalSection
	GlobalSection(SolutionProperties) = preSolution
		HideSolutionNode = FALSE
	EndGlobalSection
	GlobalSection(ExtensibilityGlobals) = postSolution
		SolutionGuid = {04DFD46D-196B-438A-A3F6-D42D9B7812FB}
	EndGlobalSection
EndGlobal
